
Microsoft Visual Studio Solution File, Format Version 12.00
# Visual Studio 2017
Project("{FAE04EC0-301F-11D3-BF4B-00C04F79EFBC}") = "Smartsheet.Net.Core", "Smartsheet.Net.Core.csproj", "{401E3B48-16F0-471E-BA74-12ABC0D0EA48}"
EndProject
Global
	GlobalSection(SolutionConfigurationPlatforms) = preSolution
		Debug|Any CPU = Debug|Any CPU
		Release|Any CPU = Release|Any CPU
	EndGlobalSection
	GlobalSection(ProjectConfigurationPlatforms) = postSolution
		{401E3B48-16F0-471E-BA74-12ABC0D0EA48}.Debug|Any CPU.ActiveCfg = Debug|Any CPU
		{401E3B48-16F0-471E-BA74-12ABC0D0EA48}.Debug|Any CPU.Build.0 = Debug|Any CPU
		{401E3B48-16F0-471E-BA74-12ABC0D0EA48}.Release|Any CPU.ActiveCfg = Release|Any CPU
		{401E3B48-16F0-471E-BA74-12ABC0D0EA48}.Release|Any CPU.Build.0 = Release|Any CPU
	EndGlobalSection
EndGlobal
